// !$*UTF8*$!
{
	archiveVersion = 1;
	classes = {
	};
	objectVersion = 48;
	objects = {

/* Begin PBXBuildFile section */
		16FDE8E41F7B8E7500E2466D /* AppDelegate.m in Sources */ = {isa = PBXBuildFile; fileRef = 16FDE8E31F7B8E7500E2466D /* AppDelegate.m */; };
		16FDE8E71F7B8E7500E2466D /* ViewController.m in Sources */ = {isa = PBXBuildFile; fileRef = 16FDE8E61F7B8E7500E2466D /* ViewController.m */; };
		16FDE8EA1F7B8E7500E2466D /* Main.storyboard in Resources */ = {isa = PBXBuildFile; fileRef = 16FDE8E81F7B8E7500E2466D /* Main.storyboard */; };
		16FDE8EC1F7B8E7500E2466D /* Assets.xcassets in Resources */ = {isa = PBXBuildFile; fileRef = 16FDE8EB1F7B8E7500E2466D /* Assets.xcassets */; };
		16FDE8EF1F7B8E7500E2466D /* LaunchScreen.storyboard in Resources */ = {isa = PBXBuildFile; fileRef = 16FDE8ED1F7B8E7500E2466D /* LaunchScreen.storyboard */; };
		16FDE8F21F7B8E7500E2466D /* main.m in Sources */ = {isa = PBXBuildFile; fileRef = 16FDE8F11F7B8E7500E2466D /* main.m */; };
		16FDE8FC1F7B8E7500E2466D /* ___KVOTests.m in Sources */ = {isa = PBXBuildFile; fileRef = 16FDE8FB1F7B8E7500E2466D /* ___KVOTests.m */; };
		16FDE90B1F7C901200E2466D /* NSObject+KVO.m in Sources */ = {isa = PBXBuildFile; fileRef = 16FDE90A1F7C901200E2466D /* NSObject+KVO.m */; };
		16FDE90E1F7C909B00E2466D /* Person.m in Sources */ = {isa = PBXBuildFile; fileRef = 16FDE90D1F7C909B00E2466D /* Person.m */; };
/* End PBXBuildFile section */

/* Begin PBXContainerItemProxy section */
		16FDE8F81F7B8E7500E2466D /* PBXContainerItemProxy */ = {
			isa = PBXContainerItemProxy;
			containerPortal = 16FDE8D71F7B8E7500E2466D /* Project object */;
			proxyType = 1;
			remoteGlobalIDString = 16FDE8DE1F7B8E7500E2466D;
			remoteInfo = "自定义KVO";
		};
/* End PBXContainerItemProxy section */

/* Begin PBXFileReference section */
		16FDE8DF1F7B8E7500E2466D /* 自定义KVO.app */ = {isa = PBXFileReference; explicitFileType = wrapper.application; includeInIndex = 0; path = "自定义KVO.app"; sourceTree = BUILT_PRODUCTS_DIR; };
		16FDE8E21F7B8E7500E2466D /* AppDelegate.h */ = {isa = PBXFileReference; lastKnownFileType = sourcecode.c.h; path = AppDelegate.h; sourceTree = "<group>"; };
		16FDE8E31F7B8E7500E2466D /* AppDelegate.m */ = {isa = PBXFileReference; lastKnownFileType = sourcecode.c.objc; path = AppDelegate.m; sourceTree = "<group>"; };
		16FDE8E51F7B8E7500E2466D /* ViewController.h */ = {isa = PBXFileReference; lastKnownFileType = sourcecode.c.h; path = ViewController.h; sourceTree = "<group>"; };
		16FDE8E61F7B8E7500E2466D /* ViewController.m */ = {isa = PBXFileReference; lastKnownFileType = sourcecode.c.objc; path = ViewController.m; sourceTree = "<group>"; };
		16FDE8E91F7B8E7500E2466D /* Base */ = {isa = PBXFileReference; lastKnownFileType = file.storyboard; name = Base; path = Base.lproj/Main.storyboard; sourceTree = "<group>"; };
		16FDE8EB1F7B8E7500E2466D /* Assets.xcassets */ = {isa = PBXFileReference; lastKnownFileType = folder.assetcatalog; path = Assets.xcassets; sourceTree = "<group>"; };
		16FDE8EE1F7B8E7500E2466D /* Base */ = {isa = PBXFileReference; lastKnownFileType = file.storyboard; name = Base; path = Base.lproj/LaunchScreen.storyboard; sourceTree = "<group>"; };
		16FDE8F01F7B8E7500E2466D /* Info.plist */ = {isa = PBXFileReference; lastKnownFileType = text.plist.xml; path = Info.plist; sourceTree = "<group>"; };
		16FDE8F11F7B8E7500E2466D /* main.m */ = {isa = PBXFileReference; lastKnownFileType = sourcecode.c.objc; path = main.m; sourceTree = "<group>"; };
		16FDE8F71F7B8E7500E2466D /* 自定义KVOTests.xctest */ = {isa = PBXFileReference; explicitFileType = wrapper.cfbundle; includeInIndex = 0; path = "自定义KVOTests.xctest"; sourceTree = BUILT_PRODUCTS_DIR; };
		16FDE8FB1F7B8E7500E2466D /* ___KVOTests.m */ = {isa = PBXFileReference; lastKnownFileType = sourcecode.c.objc; path = "___KVOTests.m"; sourceTree = "<group>"; };
		16FDE8FD1F7B8E7500E2466D /* Info.plist */ = {isa = PBXFileReference; lastKnownFileType = text.plist.xml; path = Info.plist; sourceTree = "<group>"; };
		16FDE9091F7C901200E2466D /* NSObject+KVO.h */ = {isa = PBXFileReference; lastKnownFileType = sourcecode.c.h; path = "NSObject+KVO.h"; sourceTree = "<group>"; };
		16FDE90A1F7C901200E2466D /* NSObject+KVO.m */ = {isa = PBXFileReference; lastKnownFileType = sourcecode.c.objc; path = "NSObject+KVO.m"; sourceTree = "<group>"; };
		16FDE90C1F7C909B00E2466D /* Person.h */ = {isa = PBXFileReference; lastKnownFileType = sourcecode.c.h; path = Person.h; sourceTree = "<group>"; };
		16FDE90D1F7C909B00E2466D /* Person.m */ = {isa = PBXFileReference; lastKnownFileType = sourcecode.c.objc; path = Person.m; sourceTree = "<group>"; };
/* End PBXFileReference section */

/* Begin PBXFrameworksBuildPhase section */
		16FDE8DC1F7B8E7500E2466D /* Frameworks */ = {
			isa = PBXFrameworksBuildPhase;
			buildActionMask = 2147483647;
			files = (
			);
			runOnlyForDeploymentPostprocessing = 0;
		};
		16FDE8F41F7B8E7500E2466D /* Frameworks */ = {
			isa = PBXFrameworksBuildPhase;
			buildActionMask = 2147483647;
			files = (
			);
			runOnlyForDeploymentPostprocessing = 0;
		};
/* End PBXFrameworksBuildPhase section */

/* Begin PBXGroup section */
		16FDE8D61F7B8E7500E2466D = {
			isa = PBXGroup;
			children = (
				16FDE8E11F7B8E7500E2466D /* 自定义KVO */,
				16FDE8FA1F7B8E7500E2466D /* 自定义KVOTests */,
				16FDE8E01F7B8E7500E2466D /* Products */,
			);
			sourceTree = "<group>";
		};
		16FDE8E01F7B8E7500E2466D /* Products */ = {
			isa = PBXGroup;
			children = (
				16FDE8DF1F7B8E7500E2466D /* 自定义KVO.app */,
				16FDE8F71F7B8E7500E2466D /* 自定义KVOTests.xctest */,
			);
			name = Products;
			sourceTree = "<group>";
		};
		16FDE8E11F7B8E7500E2466D /* 自定义KVO */ = {
			isa = PBXGroup;
			children = (
				16FDE8E21F7B8E7500E2466D /* AppDelegate.h */,
				16FDE8E31F7B8E7500E2466D /* AppDelegate.m */,
				16FDE8E51F7B8E7500E2466D /* ViewController.h */,
				16FDE8E61F7B8E7500E2466D /* ViewController.m */,
				16FDE90C1F7C909B00E2466D /* Person.h */,
				16FDE90D1F7C909B00E2466D /* Person.m */,
				16FDE9091F7C901200E2466D /* NSObject+KVO.h */,
				16FDE90A1F7C901200E2466D /* NSObject+KVO.m */,
				16FDE8E81F7B8E7500E2466D /* Main.storyboard */,
				16FDE8EB1F7B8E7500E2466D /* Assets.xcassets */,
				16FDE8ED1F7B8E7500E2466D /* LaunchScreen.storyboard */,
				16FDE8F01F7B8E7500E2466D /* Info.plist */,
				16FDE8F11F7B8E7500E2466D /* main.m */,
			);
			path = "自定义KVO";
			sourceTree = "<group>";
		};
		16FDE8FA1F7B8E7500E2466D /* 自定义KVOTests */ = {
			isa = PBXGroup;
			children = (
				16FDE8FB1F7B8E7500E2466D /* ___KVOTests.m */,
				16FDE8FD1F7B8E7500E2466D /* Info.plist */,
			);
			path = "自定义KVOTests";
			sourceTree = "<group>";
		};
/* End PBXGroup section */

/* Begin PBXNativeTarget section */
		16FDE8DE1F7B8E7500E2466D /* 自定义KVO */ = {
			isa = PBXNativeTarget;
			buildConfigurationList = 16FDE9001F7B8E7500E2466D /* Build configuration list for PBXNativeTarget "自定义KVO" */;
			buildPhases = (
				16FDE8DB1F7B8E7500E2466D /* Sources */,
				16FDE8DC1F7B8E7500E2466D /* Frameworks */,
				16FDE8DD1F7B8E7500E2466D /* Resources */,
			);
			buildRules = (
			);
			dependencies = (
			);
			name = "自定义KVO";
			productName = "自定义KVO";
			productReference = 16FDE8DF1F7B8E7500E2466D /* 自定义KVO.app */;
			productType = "com.apple.product-type.application";
		};
		16FDE8F61F7B8E7500E2466D /* 自定义KVOTests */ = {
			isa = PBXNativeTarget;
			buildConfigurationList = 16FDE9031F7B8E7500E2466D /* Build configuration list for PBXNativeTarget "自定义KVOTests" */;
			buildPhases = (
				16FDE8F31F7B8E7500E2466D /* Sources */,
				16FDE8F41F7B8E7500E2466D /* Frameworks */,
				16FDE8F51F7B8E7500E2466D /* Resources */,
			);
			buildRules = (
			);
			dependencies = (
				16FDE8F91F7B8E7500E2466D /* PBXTargetDependency */,
			);
			name = "自定义KVOTests";
			productName = "自定义KVOTests";
			productReference = 16FDE8F71F7B8E7500E2466D /* 自定义KVOTests.xctest */;
			productType = "com.apple.product-type.bundle.unit-test";
		};
/* End PBXNativeTarget section */

/* Begin PBXProject section */
		16FDE8D71F7B8E7500E2466D /* Project object */ = {
			isa = PBXProject;
			attributes = {
				LastUpgradeCheck = 0900;
				ORGANIZATIONNAME = SD;
				TargetAttributes = {
					16FDE8DE1F7B8E7500E2466D = {
						CreatedOnToolsVersion = 9.0;
						ProvisioningStyle = Automatic;
					};
					16FDE8F61F7B8E7500E2466D = {
						CreatedOnToolsVersion = 9.0;
						ProvisioningStyle = Automatic;
						TestTargetID = 16FDE8DE1F7B8E7500E2466D;
					};
				};
			};
			buildConfigurationList = 16FDE8DA1F7B8E7500E2466D /* Build configuration list for PBXProject "自定义KVO" */;
			compatibilityVersion = "Xcode 8.0";
			developmentRegion = en;
			hasScannedForEncodings = 0;
			knownRegions = (
				en,
				Base,
			);
			mainGroup = 16FDE8D61F7B8E7500E2466D;
			productRefGroup = 16FDE8E01F7B8E7500E2466D /* Products */;
			projectDirPath = "";
			projectRoot = "";
			targets = (
				16FDE8DE1F7B8E7500E2466D /* 自定义KVO */,
				16FDE8F61F7B8E7500E2466D /* 自定义KVOTests */,
			);
		};
/* End PBXProject section */

/* Begin PBXResourcesBuildPhase section */
		16FDE8DD1F7B8E7500E2466D /* Resources */ = {
			isa = PBXResourcesBuildPhase;
			buildActionMask = 2147483647;
			files = (
				16FDE8EF1F7B8E7500E2466D /* LaunchScreen.storyboard in Resources */,
				16FDE8EC1F7B8E7500E2466D /* Assets.xcassets in Resources */,
				16FDE8EA1F7B8E7500E2466D /* Main.storyboard in Resources */,
			);
			runOnlyForDeploymentPostprocessing = 0;
		};
		16FDE8F51F7B8E7500E2466D /* Resources */ = {
			isa = PBXResourcesBuildPhase;
			buildActionMask = 2147483647;
			files = (
			);
			runOnlyForDeploymentPostprocessing = 0;
		};
/* End PBXResourcesBuildPhase section */

/* Begin PBXSourcesBuildPhase section */
		16FDE8DB1F7B8E7500E2466D /* Sources */ = {
			isa = PBXSourcesBuildPhase;
			buildActionMask = 2147483647;
			files = (
				16FDE90B1F7C901200E2466D /* NSObject+KVO.m in Sources */,
				16FDE8E71F7B8E7500E2466D /* ViewController.m in Sources */,
				16FDE90E1F7C909B00E2466D /* Person.m in Sources */,
				16FDE8F21F7B8E7500E2466D /* main.m in Sources */,
				16FDE8E41F7B8E7500E2466D /* AppDelegate.m in Sources */,
			);
			runOnlyForDeploymentPostprocessing = 0;
		};
		16FDE8F31F7B8E7500E2466D /* Sources */ = {
			isa = PBXSourcesBuildPhase;
			buildActionMask = 2147483647;
			files = (
				16FDE8FC1F7B8E7500E2466D /* ___KVOTests.m in Sources */,
			);
			runOnlyForDeploymentPostprocessing = 0;
		};
/* End PBXSourcesBuildPhase section */

/* Begin PBXTargetDependency section */
		16FDE8F91F7B8E7500E2466D /* PBXTargetDependency */ = {
			isa = PBXTargetDependency;
			target = 16FDE8DE1F7B8E7500E2466D /* 自定义KVO */;
			targetProxy = 16FDE8F81F7B8E7500E2466D /* PBXContainerItemProxy */;
		};
/* End PBXTargetDependency section */

/* Begin PBXVariantGroup section */
		16FDE8E81F7B8E7500E2466D /* Main.storyboard */ = {
			isa = PBXVariantGroup;
			children = (
				16FDE8E91F7B8E7500E2466D /* Base */,
			);
			name = Main.storyboard;
			sourceTree = "<group>";
		};
		16FDE8ED1F7B8E7500E2466D /* LaunchScreen.storyboard */ = {
			isa = PBXVariantGroup;
			children = (
				16FDE8EE1F7B8E7500E2466D /* Base */,
			);
			name = LaunchScreen.storyboard;
			sourceTree = "<group>";
		};
/* End PBXVariantGroup section */

/* Begin XCBuildConfiguration section */
		16FDE8FE1F7B8E7500E2466D /* Debug */ = {
			isa = XCBuildConfiguration;
			buildSettings = {
				ALWAYS_SEARCH_USER_PATHS = NO;
				CLANG_ANALYZER_NONNULL = YES;
				CLANG_ANALYZER_NUMBER_OBJECT_CONVERSION = YES_AGGRESSIVE;
				CLANG_CXX_LANGUAGE_STANDARD = "gnu++14";
				CLANG_CXX_LIBRARY = "libc++";
				CLANG_ENABLE_MODULES = YES;
				CLANG_ENABLE_OBJC_ARC = YES;
				CLANG_WARN_BLOCK_CAPTURE_AUTORELEASING = YES;
				CLANG_WARN_BOOL_CONVERSION = YES;
				CLANG_WARN_COMMA = YES;
				CLANG_WARN_CONSTANT_CONVERSION = YES;
				CLANG_WARN_DIRECT_OBJC_ISA_USAGE = YES_ERROR;
				CLANG_WARN_DOCUMENTATION_COMMENTS = YES;
				CLANG_WARN_EMPTY_BODY = YES;
				CLANG_WARN_ENUM_CONVERSION = YES;
				CLANG_WARN_INFINITE_RECURSION = YES;
				CLANG_WARN_INT_CONVERSION = YES;
				CLANG_WARN_NON_LITERAL_NULL_CONVERSION = YES;
				CLANG_WARN_OBJC_LITERAL_CONVERSION = YES;
				CLANG_WARN_OBJC_ROOT_CLASS = YES_ERROR;
				CLANG_WARN_RANGE_LOOP_ANALYSIS = YES;
				CLANG_WARN_STRICT_PROTOTYPES = YES;
				CLANG_WARN_SUSPICIOUS_MOVE = YES;
				CLANG_WARN_UNGUARDED_AVAILABILITY = YES_AGGRESSIVE;
				CLANG_WARN_UNREACHABLE_CODE = YES;
				CLANG_WARN__DUPLICATE_METHOD_MATCH = YES;
				CODE_SIGN_IDENTITY = "iPhone Developer";
				COPY_PHASE_STRIP = NO;
				DEBUG_INFORMATION_FORMAT = dwarf;
				ENABLE_STRICT_OBJC_MSGSEND = YES;
				ENABLE_TESTABILITY = YES;
				GCC_C_LANGUAGE_STANDARD = gnu11;
				GCC_DYNAMIC_NO_PIC = NO;
				GCC_NO_COMMON_BLOCKS = YES;
				GCC_OPTIMIZATION_LEVEL = 0;
				GCC_PREPROCESSOR_DEFINITIONS = (
					"DEBUG=1",
					"$(inherited)",
				);
				GCC_WARN_64_TO_32_BIT_CONVERSION = YES;
				GCC_WARN_ABOUT_RETURN_TYPE = YES_ERROR;
				GCC_WARN_UNDECLARED_SELECTOR = YES;
				GCC_WARN_UNINITIALIZED_AUTOS = YES_AGGRESSIVE;
				GCC_WARN_UNUSED_FUNCTION = YES;
				GCC_WARN_UNUSED_VARIABLE = YES;
				IPHONEOS_DEPLOYMENT_TARGET = 11.0;
				MTL_ENABLE_DEBUG_INFO = YES;
				ONLY_ACTIVE_ARCH = YES;
				SDKROOT = iphoneos;
			};
			name = Debug;
		};
		16FDE8FF1F7B8E7500E2466D /* Release */ = {
			isa = XCBuildConfiguration;
			buildSettings = {
				ALWAYS_SEARCH_USER_PATHS = NO;
				CLANG_ANALYZER_NONNULL = YES;
				CLANG_ANALYZER_NUMBER_OBJECT_CONVERSION = YES_AGGRESSIVE;
				CLANG_CXX_LANGUAGE_STANDARD = "gnu++14";
				CLANG_CXX_LIBRARY = "libc++";
				CLANG_ENABLE_MODULES = YES;
				CLANG_ENABLE_OBJC_ARC = YES;
				CLANG_WARN_BLOCK_CAPTURE_AUTORELEASING = YES;
				CLANG_WARN_BOOL_CONVERSION = YES;
				CLANG_WARN_COMMA = YES;
				CLANG_WARN_CONSTANT_CONVERSION = YES;
				CLANG_WARN_DIRECT_OBJC_ISA_USAGE = YES_ERROR;
				CLANG_WARN_DOCUMENTATION_COMMENTS = YES;
				CLANG_WARN_EMPTY_BODY = YES;
				CLANG_WARN_ENUM_CONVERSION = YES;
				CLANG_WARN_INFINITE_RECURSION = YES;
				CLANG_WARN_INT_CONVERSION = YES;
				CLANG_WARN_NON_LITERAL_NULL_CONVERSION = YES;
				CLANG_WARN_OBJC_LITERAL_CONVERSION = YES;
				CLANG_WARN_OBJC_ROOT_CLASS = YES_ERROR;
				CLANG_WARN_RANGE_LOOP_ANALYSIS = YES;
				CLANG_WARN_STRICT_PROTOTYPES = YES;
				CLANG_WARN_SUSPICIOUS_MOVE = YES;
				CLANG_WARN_UNGUARDED_AVAILABILITY = YES_AGGRESSIVE;
				CLANG_WARN_UNREACHABLE_CODE = YES;
				CLANG_WARN__DUPLICATE_METHOD_MATCH = YES;
				CODE_SIGN_IDENTITY = "iPhone Developer";
				COPY_PHASE_STRIP = NO;
				DEBUG_INFORMATION_FORMAT = "dwarf-with-dsym";
				ENABLE_NS_ASSERTIONS = NO;
				ENABLE_STRICT_OBJC_MSGSEND = YES;
				GCC_C_LANGUAGE_STANDARD = gnu11;
				GCC_NO_COMMON_BLOCKS = YES;
				GCC_WARN_64_TO_32_BIT_CONVERSION = YES;
				GCC_WARN_ABOUT_RETURN_TYPE = YES_ERROR;
				GCC_WARN_UNDECLARED_SELECTOR = YES;
				GCC_WARN_UNINITIALIZED_AUTOS = YES_AGGRESSIVE;
				GCC_WARN_UNUSED_FUNCTION = YES;
				GCC_WARN_UNUSED_VARIABLE = YES;
				IPHONEOS_DEPLOYMENT_TARGET = 11.0;
				MTL_ENABLE_DEBUG_INFO = NO;
				SDKROOT = iphoneos;
				VALIDATE_PRODUCT = YES;
			};
			name = Release;
		};
		16FDE9011F7B8E7500E2466D /* Debug */ = {
			isa = XCBuildConfiguration;
			buildSettings = {
				ASSETCATALOG_COMPILER_APPICON_NAME = AppIcon;
				CODE_SIGN_STYLE = Automatic;
				ENABLE_STRICT_OBJC_MSGSEND = NO;
				INFOPLIST_FILE = "自定义KVO/Info.plist";
				LD_RUNPATH_SEARCH_PATHS = "$(inherited) @executable_path/Frameworks";
				PRODUCT_BUNDLE_IDENTIFIER = "com.mljr.mall.---KVO";
				PRODUCT_NAME = "$(TARGET_NAME)";
				TARGETED_DEVICE_FAMILY = "1,2";
			};
			name = Debug;
		};
		16FDE9021F7B8E7500E2466D /* Release */ = {
			isa = XCBuildConfiguration;
			buildSettings = {
				ASSETCATALOG_COMPILER_APPICON_NAME = AppIcon;
				CODE_SIGN_STYLE = Automatic;
				ENABLE_STRICT_OBJC_MSGSEND = NO;
				INFOPLIST_FILE = "自定义KVO/Info.plist";
				LD_RUNPATH_SEARCH_PATHS = "$(inherited) @executable_path/Frameworks";
				PRODUCT_BUNDLE_IDENTIFIER = "com.mljr.mall.---KVO";
				PRODUCT_NAME = "$(TARGET_NAME)";
				TARGETED_DEVICE_FAMILY = "1,2";
			};
			name = Release;
		};
		16FDE9041F7B8E7500E2466D /* Debug */ = {
			isa = XCBuildConfiguration;
			buildSettings = {
				BUNDLE_LOADER = "$(TEST_HOST)";
				CODE_SIGN_STYLE = Automatic;
				INFOPLIST_FILE = "自定义KVOTests/Info.plist";
				LD_RUNPATH_SEARCH_PATHS = "$(inherited) @executable_path/Frameworks @loader_path/Frameworks";
				PRODUCT_BUNDLE_IDENTIFIER = "com.mljr.mall.---KVOTests";
				PRODUCT_NAME = "$(TARGET_NAME)";
				TARGETED_DEVICE_FAMILY = "1,2";
				TEST_HOST = "$(BUILT_PRODUCTS_DIR)/自定义KVO.app/自定义KVO";
			};
			name = Debug;
		};
		16FDE9051F7B8E7500E2466D /* Release */ = {
			isa = XCBuildConfiguration;
			buildSettings = {
				BUNDLE_LOADER = "$(TEST_HOST)";
				CODE_SIGN_STYLE = Automatic;
				INFOPLIST_FILE = "自定义KVOTests/Info.plist";
				LD_RUNPATH_SEARCH_PATHS = "$(inherited) @executable_path/Frameworks @loader_path/Frameworks";
				PRODUCT_BUNDLE_IDENTIFIER = "com.mljr.mall.---KVOTests";
				PRODUCT_NAME = "$(TARGET_NAME)";
				TARGETED_DEVICE_FAMILY = "1,2";
				TEST_HOST = "$(BUILT_PRODUCTS_DIR)/自定义KVO.app/自定义KVO";
			};
			name = Release;
		};
/* End XCBuildConfiguration section */

/* Begin XCConfigurationList section */
		16FDE8DA1F7B8E7500E2466D /* Build configuration list for PBXProject "自定义KVO" */ = {
			isa = XCConfigurationList;
			buildConfigurations = (
				16FDE8FE1F7B8E7500E2466D /* Debug */,
				16FDE8FF1F7B8E7500E2466D /* Release */,
			);
			defaultConfigurationIsVisible = 0;
			defaultConfigurationName = Release;
		};
		16FDE9001F7B8E7500E2466D /* Build configuration list for PBXNativeTarget "自定义KVO" */ = {
			isa = XCConfigurationList;
			buildConfigurations = (
				16FDE9011F7B8E7500E2466D /* Debug */,
				16FDE9021F7B8E7500E2466D /* Release */,
			);
			defaultConfigurationIsVisible = 0;
			defaultConfigurationName = Release;
		};
		16FDE9031F7B8E7500E2466D /* Build configuration list for PBXNativeTarget "自定义KVOTests" */ = {
			isa = XCConfigurationList;
			buildConfigurations = (
				16FDE9041F7B8E7500E2466D /* Debug */,
				16FDE9051F7B8E7500E2466D /* Release */,
			);
			defaultConfigurationIsVisible = 0;
			defaultConfigurationName = Release;
		};
/* End XCConfigurationList section */
	};
	rootObject = 16FDE8D71F7B8E7500E2466D /* Project object */;
}
